
Microsoft Visual Studio Solution File, Format Version 12.00
# Visual Studio Version 17
VisualStudioVersion = 17.9.34616.47
MinimumVisualStudioVersion = 10.0.40219.1
Project("{FAE04EC0-301F-11D3-BF4B-00C04F79EFBC}") = "WatchedFilmsTracker", "WatchedFilmsTracker.csproj", "{607CBA5C-C8EE-4456-AF55-ED60CF3BE1A8}"
EndProject
Global
	GlobalSection(SolutionConfigurationPlatforms) = preSolution
		Debug|Any CPU = Debug|Any CPU
		Release|Any CPU = Release|Any CPU
	EndGlobalSection
	GlobalSection(ProjectConfigurationPlatforms) = postSolution
		{607CBA5C-C8EE-4456-AF55-ED60CF3BE1A8}.Debug|Any CPU.ActiveCfg = Debug|Any CPU
		{607CBA5C-C8EE-4456-AF55-ED60CF3BE1A8}.Debug|Any CPU.Build.0 = Debug|Any CPU
		{607CBA5C-C8EE-4456-AF55-ED60CF3BE1A8}.Release|Any CPU.ActiveCfg = Release|Any CPU
		{607CBA5C-C8EE-4456-AF55-ED60CF3BE1A8}.Release|Any CPU.Build.0 = Release|Any CPU
	EndGlobalSection
	GlobalSection(SolutionProperties) = preSolution
		HideSolutionNode = FALSE
	EndGlobalSection
	GlobalSection(ExtensibilityGlobals) = postSolution
		SolutionGuid = {4C4F6793-BF98-479A-BEC5-3E09FAC33585}
	EndGlobalSection
EndGlobal
